Microsoft Visual Studio Solution File, Format Version 12.00
# Visual Studio Version 18
VisualStudioVersion = 18.0.11111.16
MinimumVisualStudioVersion = 10.0.40219.1
Project("{FAE04EC0-301F-11D3-BF4B-00C04F79EFBC}") = "MarcusMedina.Fluent.Maths.Algebra", "src\MarcusMedina.Fluent.Maths.Algebra\MarcusMedina.Fluent.Maths.Algebra.csproj", "{9475EA6C-F672-FA63-B350-1F5F0A2BB57E}"
EndProject
Project("{FAE04EC0-301F-11D3-BF4B-00C04F79EFBC}") = "MarcusMedina.Fluent.Maths.Algebra.Tests", "tests\MarcusMedina.Fluent.Maths.Algebra.Tests\MarcusMedina.Fluent.Maths.Algebra.Tests.csproj", "{C1A2B3D4-E5F6-47A8-B9C0-D1E2F3A4B5C6}"
EndProject
Project("{FAE04EC0-301F-11D3-BF4B-00C04F79EFBC}") = "BasicUsage", "..\examples\BasicUsage\BasicUsage.csproj", "{03063BA6-7097-214C-FF16-D989EEE9959B}"
EndProject
Project("{FAE04EC0-301F-11D3-BF4B-00C04F79EFBC}") = "HowItWorks", "..\examples\HowItWorks\HowItWorks.csproj", "{586FBFFA-EF6E-3C64-D93C-93E3A2E8F879}"
EndProject
Project("{FAE04EC0-301F-11D3-BF4B-00C04F79EFBC}") = "FacebookMathQuiz", "..\examples\FacebookMathQuiz\FacebookMathQuiz.csproj", "{34D06F0F-6EF4-9C22-5F33-088F143333D1}"
EndProject
Global
	GlobalSection(SolutionConfigurationPlatforms) = preSolution
		Debug|Any CPU = Debug|Any CPU
		Release|Any CPU = Release|Any CPU
	EndGlobalSection
	GlobalSection(ProjectConfigurationPlatforms) = postSolution
		{9475EA6C-F672-FA63-B350-1F5F0A2BB57E}.Debug|Any CPU.ActiveCfg = Debug|Any CPU
		{9475EA6C-F672-FA63-B350-1F5F0A2BB57E}.Debug|Any CPU.Build.0 = Debug|Any CPU
		{9475EA6C-F672-FA63-B350-1F5F0A2BB57E}.Release|Any CPU.ActiveCfg = Release|Any CPU
		{9475EA6C-F672-FA63-B350-1F5F0A2BB57E}.Release|Any CPU.Build.0 = Release|Any CPU
		{C1A2B3D4-E5F6-47A8-B9C0-D1E2F3A4B5C6}.Debug|Any CPU.ActiveCfg = Debug|Any CPU
		{C1A2B3D4-E5F6-47A8-B9C0-D1E2F3A4B5C6}.Debug|Any CPU.Build.0 = Debug|Any CPU
		{C1A2B3D4-E5F6-47A8-B9C0-D1E2F3A4B5C6}.Release|Any CPU.ActiveCfg = Release|Any CPU
		{C1A2B3D4-E5F6-47A8-B9C0-D1E2F3A4B5C6}.Release|Any CPU.Build.0 = Release|Any CPU
		{03063BA6-7097-214C-FF16-D989EEE9959B}.Debug|Any CPU.ActiveCfg = Debug|Any CPU
		{03063BA6-7097-214C-FF16-D989EEE9959B}.Debug|Any CPU.Build.0 = Debug|Any CPU
		{03063BA6-7097-214C-FF16-D989EEE9959B}.Release|Any CPU.ActiveCfg = Release|Any CPU
		{03063BA6-7097-214C-FF16-D989EEE9959B}.Release|Any CPU.Build.0 = Release|Any CPU
		{586FBFFA-EF6E-3C64-D93C-93E3A2E8F879}.Debug|Any CPU.ActiveCfg = Debug|Any CPU
		{586FBFFA-EF6E-3C64-D93C-93E3A2E8F879}.Debug|Any CPU.Build.0 = Debug|Any CPU
		{586FBFFA-EF6E-3C64-D93C-93E3A2E8F879}.Release|Any CPU.ActiveCfg = Release|Any CPU
		{586FBFFA-EF6E-3C64-D93C-93E3A2E8F879}.Release|Any CPU.Build.0 = Release|Any CPU
		{34D06F0F-6EF4-9C22-5F33-088F143333D1}.Debug|Any CPU.ActiveCfg = Debug|Any CPU
		{34D06F0F-6EF4-9C22-5F33-088F143333D1}.Debug|Any CPU.Build.0 = Debug|Any CPU
		{34D06F0F-6EF4-9C22-5F33-088F143333D1}.Release|Any CPU.ActiveCfg = Release|Any CPU
		{34D06F0F-6EF4-9C22-5F33-088F143333D1}.Release|Any CPU.Build.0 = Release|Any CPU
	EndGlobalSection
	GlobalSection(SolutionProperties) = preSolution
		HideSolutionNode = FALSE
	EndGlobalSection
	GlobalSection(ExtensibilityGlobals) = postSolution
		SolutionGuid = {67E124B2-3ADE-43BE-A433-6DE37295B150}
	EndGlobalSection
EndGlobal
