
Microsoft Visual Studio Solution File, Format Version 12.00
# Visual Studio Version 18
VisualStudioVersion = 18.0.11111.16
MinimumVisualStudioVersion = 10.0.40219.1
Project("{FAE04EC0-301F-11D3-BF4B-00C04F79EFBC}") = "Fluent.Algebra", "Fluent.Algebra.csproj", "{849A14CC-5707-EEB0-3A90-A766AF5BE92E}"
EndProject
Project("{FAE04EC0-301F-11D3-BF4B-00C04F79EFBC}") = "TypedMath.Tests", "..\..\TypedMath\TypedMath.Tests\TypedMath.Tests.csproj", "{680D09FF-97AE-6F71-0E23-0008E3CD5ADC}"
EndProject
Project("{FAE04EC0-301F-11D3-BF4B-00C04F79EFBC}") = "BasicUsage", "..\examples\BasicUsage\BasicUsage.csproj", "{03063BA6-7097-214C-FF16-D989EEE9959B}"
EndProject
Project("{FAE04EC0-301F-11D3-BF4B-00C04F79EFBC}") = "HowItWorks", "..\examples\HowItWorks\HowItWorks.csproj", "{586FBFFA-EF6E-3C64-D93C-93E3A2E8F879}"
EndProject
Global
	GlobalSection(SolutionConfigurationPlatforms) = preSolution
		Debug|Any CPU = Debug|Any CPU
		Release|Any CPU = Release|Any CPU
	EndGlobalSection
	GlobalSection(ProjectConfigurationPlatforms) = postSolution
		{849A14CC-5707-EEB0-3A90-A766AF5BE92E}.Debug|Any CPU.ActiveCfg = Debug|Any CPU
		{849A14CC-5707-EEB0-3A90-A766AF5BE92E}.Debug|Any CPU.Build.0 = Debug|Any CPU
		{849A14CC-5707-EEB0-3A90-A766AF5BE92E}.Release|Any CPU.ActiveCfg = Release|Any CPU
		{849A14CC-5707-EEB0-3A90-A766AF5BE92E}.Release|Any CPU.Build.0 = Release|Any CPU
		{680D09FF-97AE-6F71-0E23-0008E3CD5ADC}.Debug|Any CPU.ActiveCfg = Debug|Any CPU
		{680D09FF-97AE-6F71-0E23-0008E3CD5ADC}.Debug|Any CPU.Build.0 = Debug|Any CPU
		{680D09FF-97AE-6F71-0E23-0008E3CD5ADC}.Release|Any CPU.ActiveCfg = Release|Any CPU
		{680D09FF-97AE-6F71-0E23-0008E3CD5ADC}.Release|Any CPU.Build.0 = Release|Any CPU
		{03063BA6-7097-214C-FF16-D989EEE9959B}.Debug|Any CPU.ActiveCfg = Debug|Any CPU
		{03063BA6-7097-214C-FF16-D989EEE9959B}.Debug|Any CPU.Build.0 = Debug|Any CPU
		{03063BA6-7097-214C-FF16-D989EEE9959B}.Release|Any CPU.ActiveCfg = Release|Any CPU
		{03063BA6-7097-214C-FF16-D989EEE9959B}.Release|Any CPU.Build.0 = Release|Any CPU
		{586FBFFA-EF6E-3C64-D93C-93E3A2E8F879}.Debug|Any CPU.ActiveCfg = Debug|Any CPU
		{586FBFFA-EF6E-3C64-D93C-93E3A2E8F879}.Debug|Any CPU.Build.0 = Debug|Any CPU
		{586FBFFA-EF6E-3C64-D93C-93E3A2E8F879}.Release|Any CPU.ActiveCfg = Release|Any CPU
		{586FBFFA-EF6E-3C64-D93C-93E3A2E8F879}.Release|Any CPU.Build.0 = Release|Any CPU
	EndGlobalSection
	GlobalSection(SolutionProperties) = preSolution
		HideSolutionNode = FALSE
	EndGlobalSection
	GlobalSection(ExtensibilityGlobals) = postSolution
		SolutionGuid = {67E124B2-3ADE-43BE-A433-6DE37295B150}
	EndGlobalSection
EndGlobal
